
Microsoft Visual Studio Solution File, Format Version 12.00
# Visual Studio Version 16
VisualStudioVersion = 16.0.30105.148
MinimumVisualStudioVersion = 10.0.40219.1
Project("{9A19103F-16F7-4668-BE54-9A1E7A4F7556}") = "BulkyBook", "BulkyBook\BulkyBook.csproj", "{08B8094B-D80B-4976-BEF4-7200476A561E}"
EndProject
Project("{FAE04EC0-301F-11D3-BF4B-00C04F79EFBC}") = "BulkyBook.DataAccess", "BulkyBook.DataAccess\BulkyBook.DataAccess.csproj", "{F0F0467D-68B7-4624-B62E-2D9617E70321}"
EndProject
Project("{FAE04EC0-301F-11D3-BF4B-00C04F79EFBC}") = "BulkyBook.Utilities", "BulkyBook.Utilities\BulkyBook.Utilities.csproj", "{21104383-6722-4D78-8D40-79E605DA9BB5}"
EndProject
Project("{FAE04EC0-301F-11D3-BF4B-00C04F79EFBC}") = "BulkyBook.Models", "BulkyBook.Models\BulkyBook.Models.csproj", "{699B73D1-7C6F-4805-995E-8D69E525B183}"
EndProject
Global
	GlobalSection(SolutionConfigurationPlatforms) = preSolution
		Debug|Any CPU = Debug|Any CPU
		Release|Any CPU = Release|Any CPU
	EndGlobalSection
	GlobalSection(ProjectConfigurationPlatforms) = postSolution
		{08B8094B-D80B-4976-BEF4-7200476A561E}.Debug|Any CPU.ActiveCfg = Debug|Any CPU
		{08B8094B-D80B-4976-BEF4-7200476A561E}.Debug|Any CPU.Build.0 = Debug|Any CPU
		{08B8094B-D80B-4976-BEF4-7200476A561E}.Release|Any CPU.ActiveCfg = Release|Any CPU
		{08B8094B-D80B-4976-BEF4-7200476A561E}.Release|Any CPU.Build.0 = Release|Any CPU
		{F0F0467D-68B7-4624-B62E-2D9617E70321}.Debug|Any CPU.ActiveCfg = Debug|Any CPU
		{F0F0467D-68B7-4624-B62E-2D9617E70321}.Debug|Any CPU.Build.0 = Debug|Any CPU
		{F0F0467D-68B7-4624-B62E-2D9617E70321}.Release|Any CPU.ActiveCfg = Release|Any CPU
		{F0F0467D-68B7-4624-B62E-2D9617E70321}.Release|Any CPU.Build.0 = Release|Any CPU
		{21104383-6722-4D78-8D40-79E605DA9BB5}.Debug|Any CPU.ActiveCfg = Debug|Any CPU
		{21104383-6722-4D78-8D40-79E605DA9BB5}.Debug|Any CPU.Build.0 = Debug|Any CPU
		{21104383-6722-4D78-8D40-79E605DA9BB5}.Release|Any CPU.ActiveCfg = Release|Any CPU
		{21104383-6722-4D78-8D40-79E605DA9BB5}.Release|Any CPU.Build.0 = Release|Any CPU
		{699B73D1-7C6F-4805-995E-8D69E525B183}.Debug|Any CPU.ActiveCfg = Debug|Any CPU
		{699B73D1-7C6F-4805-995E-8D69E525B183}.Debug|Any CPU.Build.0 = Debug|Any CPU
		{699B73D1-7C6F-4805-995E-8D69E525B183}.Release|Any CPU.ActiveCfg = Release|Any CPU
		{699B73D1-7C6F-4805-995E-8D69E525B183}.Release|Any CPU.Build.0 = Release|Any CPU
	EndGlobalSection
	GlobalSection(SolutionProperties) = preSolution
		HideSolutionNode = FALSE
	EndGlobalSection
	GlobalSection(ExtensibilityGlobals) = postSolution
		SolutionGuid = {9FACCF63-C2B5-4499-B8AC-40EC5A78638F}
	EndGlobalSection
EndGlobal
